// !$*UTF8*$!
{
	archiveVersion = 1;
	classes = {
	};
	objectVersion = 48;
	objects = {

/* Begin PBXBuildFile section */
		DC1B4FB1205AC80100C2D386 /* AppDelegate.swift in Sources */ = {isa = PBXBuildFile; fileRef = DC1B4FB0205AC80100C2D386 /* AppDelegate.swift */; };
		DC1B4FB3205AC80100C2D386 /* ViewController.swift in Sources */ = {isa = PBXBuildFile; fileRef = DC1B4FB2205AC80100C2D386 /* ViewController.swift */; };
		DC1B4FB6205AC80100C2D386 /* Main.storyboard in Resources */ = {isa = PBXBuildFile; fileRef = DC1B4FB4205AC80100C2D386 /* Main.storyboard */; };
		DC1B4FB8205AC80100C2D386 /* Assets.xcassets in Resources */ = {isa = PBXBuildFile; fileRef = DC1B4FB7205AC80100C2D386 /* Assets.xcassets */; };
		DC1B4FBB205AC80100C2D386 /* LaunchScreen.storyboard in Resources */ = {isa = PBXBuildFile; fileRef = DC1B4FB9205AC80100C2D386 /* LaunchScreen.storyboard */; };
/* End PBXBuildFile section */

/* Begin PBXFileReference section */
		DC1B4FAD205AC80100C2D386 /* GooglePlaceAPI.app */ = {isa = PBXFileReference; explicitFileType = wrapper.application; includeInIndex = 0; path = GooglePlaceAPI.app; sourceTree = BUILT_PRODUCTS_DIR; };
		DC1B4FB0205AC80100C2D386 /* AppDelegate.swift */ = {isa = PBXFileReference; lastKnownFileType = sourcecode.swift; path = AppDelegate.swift; sourceTree = "<group>"; };
		DC1B4FB2205AC80100C2D386 /* ViewController.swift */ = {isa = PBXFileReference; lastKnownFileType = sourcecode.swift; path = ViewController.swift; sourceTree = "<group>"; };
		DC1B4FB5205AC80100C2D386 /* Base */ = {isa = PBXFileReference; lastKnownFileType = file.storyboard; name = Base; path = Base.lproj/Main.storyboard; sourceTree = "<group>"; };
		DC1B4FB7205AC80100C2D386 /* Assets.xcassets */ = {isa = PBXFileReference; lastKnownFileType = folder.assetcatalog; path = Assets.xcassets; sourceTree = "<group>"; };
		DC1B4FBA205AC80100C2D386 /* Base */ = {isa = PBXFileReference; lastKnownFileType = file.storyboard; name = Base; path = Base.lproj/LaunchScreen.storyboard; sourceTree = "<group>"; };
		DC1B4FBC205AC80100C2D386 /* Info.plist */ = {isa = PBXFileReference; lastKnownFileType = text.plist.xml; path = Info.plist; sourceTree = "<group>"; };
/* End PBXFileReference section */

/* Begin PBXFrameworksBuildPhase section */
		DC1B4FAA205AC80100C2D386 /* Frameworks */ = {
			isa = PBXFrameworksBuildPhase;
			buildActionMask = 2147483647;
			files = (
			);
			runOnlyForDeploymentPostprocessing = 0;
		};
/* End PBXFrameworksBuildPhase section */

/* Begin PBXGroup section */
		DC1B4FA4205AC80100C2D386 = {
			isa = PBXGroup;
			children = (
				DC1B4FAF205AC80100C2D386 /* GooglePlaceAPI */,
				DC1B4FAE205AC80100C2D386 /* Products */,
			);
			sourceTree = "<group>";
		};
		DC1B4FAE205AC80100C2D386 /* Products */ = {
			isa = PBXGroup;
			children = (
				DC1B4FAD205AC80100C2D386 /* GooglePlaceAPI.app */,
			);
			name = Products;
			sourceTree = "<group>";
		};
		DC1B4FAF205AC80100C2D386 /* GooglePlaceAPI */ = {
			isa = PBXGroup;
			children = (
				DC1B4FB0205AC80100C2D386 /* AppDelegate.swift */,
				DC1B4FB2205AC80100C2D386 /* ViewController.swift */,
				DC1B4FB4205AC80100C2D386 /* Main.storyboard */,
				DC1B4FB7205AC80100C2D386 /* Assets.xcassets */,
				DC1B4FB9205AC80100C2D386 /* LaunchScreen.storyboard */,
				DC1B4FBC205AC80100C2D386 /* Info.plist */,
			);
			path = GooglePlaceAPI;
			sourceTree = "<group>";
		};
/* End PBXGroup section */

/* Begin PBXNativeTarget section */
		DC1B4FAC205AC80100C2D386 /* GooglePlaceAPI */ = {
			isa = PBXNativeTarget;
			buildConfigurationList = DC1B4FBF205AC80100C2D386 /* Build configuration list for PBXNativeTarget "GooglePlaceAPI" */;
			buildPhases = (
				DC1B4FA9205AC80100C2D386 /* Sources */,
				DC1B4FAA205AC80100C2D386 /* Frameworks */,
				DC1B4FAB205AC80100C2D386 /* Resources */,
			);
			buildRules = (
			);
			dependencies = (
			);
			name = GooglePlaceAPI;
			productName = GooglePlaceAPI;
			productReference = DC1B4FAD205AC80100C2D386 /* GooglePlaceAPI.app */;
			productType = "com.apple.product-type.application";
		};
/* End PBXNativeTarget section */

/* Begin PBXProject section */
		DC1B4FA5205AC80100C2D386 /* Project object */ = {
			isa = PBXProject;
			attributes = {
				LastSwiftUpdateCheck = 0920;
				LastUpgradeCheck = 0920;
				ORGANIZATIONNAME = "Aman Aggarwal";
				TargetAttributes = {
					DC1B4FAC205AC80100C2D386 = {
						CreatedOnToolsVersion = 9.2;
						ProvisioningStyle = Automatic;
					};
				};
			};
			buildConfigurationList = DC1B4FA8205AC80100C2D386 /* Build configuration list for PBXProject "GooglePlaceAPI" */;
			compatibilityVersion = "Xcode 8.0";
			developmentRegion = en;
			hasScannedForEncodings = 0;
			knownRegions = (
				en,
				Base,
			);
			mainGroup = DC1B4FA4205AC80100C2D386;
			productRefGroup = DC1B4FAE205AC80100C2D386 /* Products */;
			projectDirPath = "";
			projectRoot = "";
			targets = (
				DC1B4FAC205AC80100C2D386 /* GooglePlaceAPI */,
			);
		};
/* End PBXProject section */

/* Begin PBXResourcesBuildPhase section */
		DC1B4FAB205AC80100C2D386 /* Resources */ = {
			isa = PBXResourcesBuildPhase;
			buildActionMask = 2147483647;
			files = (
				DC1B4FBB205AC80100C2D386 /* LaunchScreen.storyboard in Resources */,
				DC1B4FB8205AC80100C2D386 /* Assets.xcassets in Resources */,
				DC1B4FB6205AC80100C2D386 /* Main.storyboard in Resources */,
			);
			runOnlyForDeploymentPostprocessing = 0;
		};
/* End PBXResourcesBuildPhase section */

/* Begin PBXSourcesBuildPhase section */
		DC1B4FA9205AC80100C2D386 /* Sources */ = {
			isa = PBXSourcesBuildPhase;
			buildActionMask = 2147483647;
			files = (
				DC1B4FB3205AC80100C2D386 /* ViewController.swift in Sources */,
				DC1B4FB1205AC80100C2D386 /* AppDelegate.swift in Sources */,
			);
			runOnlyForDeploymentPostprocessing = 0;
		};
/* End PBXSourcesBuildPhase section */

/* Begin PBXVariantGroup section */
		DC1B4FB4205AC80100C2D386 /* Main.storyboard */ = {
			isa = PBXVariantGroup;
			children = (
				DC1B4FB5205AC80100C2D386 /* Base */,
			);
			name = Main.storyboard;
			sourceTree = "<group>";
		};
		DC1B4FB9205AC80100C2D386 /* LaunchScreen.storyboard */ = {
			isa = PBXVariantGroup;
			children = (
				DC1B4FBA205AC80100C2D386 /* Base */,
			);
			name = LaunchScreen.storyboard;
			sourceTree = "<group>";
		};
/* End PBXVariantGroup section */

/* Begin XCBuildConfiguration section */
		DC1B4FBD205AC80100C2D386 /* Debug */ = {
			isa = XCBuildConfiguration;
			buildSettings = {
				ALWAYS_SEARCH_USER_PATHS = NO;
				CLANG_ANALYZER_NONNULL = YES;
				CLANG_ANALYZER_NUMBER_OBJECT_CONVERSION = YES_AGGRESSIVE;
				CLANG_CXX_LANGUAGE_STANDARD = "gnu++14";
				CLANG_CXX_LIBRARY = "libc++";
				CLANG_ENABLE_MODULES = YES;
				CLANG_ENABLE_OBJC_ARC = YES;
				CLANG_WARN_BLOCK_CAPTURE_AUTORELEASING = YES;
				CLANG_WARN_BOOL_CONVERSION = YES;
				CLANG_WARN_COMMA = YES;
				CLANG_WARN_CONSTANT_CONVERSION = YES;
				CLANG_WARN_DIRECT_OBJC_ISA_USAGE = YES_ERROR;
				CLANG_WARN_DOCUMENTATION_COMMENTS = YES;
				CLANG_WARN_EMPTY_BODY = YES;
				CLANG_WARN_ENUM_CONVERSION = YES;
				CLANG_WARN_INFINITE_RECURSION = YES;
				CLANG_WARN_INT_CONVERSION = YES;
				CLANG_WARN_NON_LITERAL_NULL_CONVERSION = YES;
				CLANG_WARN_OBJC_LITERAL_CONVERSION = YES;
				CLANG_WARN_OBJC_ROOT_CLASS = YES_ERROR;
				CLANG_WARN_RANGE_LOOP_ANALYSIS = YES;
				CLANG_WARN_STRICT_PROTOTYPES = YES;
				CLANG_WARN_SUSPICIOUS_MOVE = YES;
				CLANG_WARN_UNGUARDED_AVAILABILITY = YES_AGGRESSIVE;
				CLANG_WARN_UNREACHABLE_CODE = YES;
				CLANG_WARN__DUPLICATE_METHOD_MATCH = YES;
				CODE_SIGN_IDENTITY = "iPhone Developer";
				COPY_PHASE_STRIP = NO;
				DEBUG_INFORMATION_FORMAT = dwarf;
				ENABLE_STRICT_OBJC_MSGSEND = YES;
				ENABLE_TESTABILITY = YES;
				GCC_C_LANGUAGE_STANDARD = gnu11;
				GCC_DYNAMIC_NO_PIC = NO;
				GCC_NO_COMMON_BLOCKS = YES;
				GCC_OPTIMIZATION_LEVEL = 0;
				GCC_PREPROCESSOR_DEFINITIONS = (
					"DEBUG=1",
					"$(inherited)",
				);
				GCC_WARN_64_TO_32_BIT_CONVERSION = YES;
				GCC_WARN_ABOUT_RETURN_TYPE = YES_ERROR;
				GCC_WARN_UNDECLARED_SELECTOR = YES;
				GCC_WARN_UNINITIALIZED_AUTOS = YES_AGGRESSIVE;
				GCC_WARN_UNUSED_FUNCTION = YES;
				GCC_WARN_UNUSED_VARIABLE = YES;
				IPHONEOS_DEPLOYMENT_TARGET = 11.2;
				MTL_ENABLE_DEBUG_INFO = YES;
				ONLY_ACTIVE_ARCH = YES;
				SDKROOT = iphoneos;
				SWIFT_ACTIVE_COMPILATION_CONDITIONS = DEBUG;
				SWIFT_OPTIMIZATION_LEVEL = "-Onone";
			};
			name = Debug;
		};
		DC1B4FBE205AC80100C2D386 /* Release */ = {
			isa = XCBuildConfiguration;
			buildSettings = {
				ALWAYS_SEARCH_USER_PATHS = NO;
				CLANG_ANALYZER_NONNULL = YES;
				CLANG_ANALYZER_NUMBER_OBJECT_CONVERSION = YES_AGGRESSIVE;
				CLANG_CXX_LANGUAGE_STANDARD = "gnu++14";
				CLANG_CXX_LIBRARY = "libc++";
				CLANG_ENABLE_MODULES = YES;
				CLANG_ENABLE_OBJC_ARC = YES;
				CLANG_WARN_BLOCK_CAPTURE_AUTORELEASING = YES;
				CLANG_WARN_BOOL_CONVERSION = YES;
				CLANG_WARN_COMMA = YES;
				CLANG_WARN_CONSTANT_CONVERSION = YES;
				CLANG_WARN_DIRECT_OBJC_ISA_USAGE = YES_ERROR;
				CLANG_WARN_DOCUMENTATION_COMMENTS = YES;
				CLANG_WARN_EMPTY_BODY = YES;
				CLANG_WARN_ENUM_CONVERSION = YES;
				CLANG_WARN_INFINITE_RECURSION = YES;
				CLANG_WARN_INT_CONVERSION = YES;
				CLANG_WARN_NON_LITERAL_NULL_CONVERSION = YES;
				CLANG_WARN_OBJC_LITERAL_CONVERSION = YES;
				CLANG_WARN_OBJC_ROOT_CLASS = YES_ERROR;
				CLANG_WARN_RANGE_LOOP_ANALYSIS = YES;
				CLANG_WARN_STRICT_PROTOTYPES = YES;
				CLANG_WARN_SUSPICIOUS_MOVE = YES;
				CLANG_WARN_UNGUARDED_AVAILABILITY = YES_AGGRESSIVE;
				CLANG_WARN_UNREACHABLE_CODE = YES;
				CLANG_WARN__DUPLICATE_METHOD_MATCH = YES;
				CODE_SIGN_IDENTITY = "iPhone Developer";
				COPY_PHASE_STRIP = NO;
				DEBUG_INFORMATION_FORMAT = "dwarf-with-dsym";
				ENABLE_NS_ASSERTIONS = NO;
				ENABLE_STRICT_OBJC_MSGSEND = YES;
				GCC_C_LANGUAGE_STANDARD = gnu11;
				GCC_NO_COMMON_BLOCKS = YES;
				GCC_WARN_64_TO_32_BIT_CONVERSION = YES;
				GCC_WARN_ABOUT_RETURN_TYPE = YES_ERROR;
				GCC_WARN_UNDECLARED_SELECTOR = YES;
				GCC_WARN_UNINITIALIZED_AUTOS = YES_AGGRESSIVE;
				GCC_WARN_UNUSED_FUNCTION = YES;
				GCC_WARN_UNUSED_VARIABLE = YES;
				IPHONEOS_DEPLOYMENT_TARGET = 11.2;
				MTL_ENABLE_DEBUG_INFO = NO;
				SDKROOT = iphoneos;
				SWIFT_OPTIMIZATION_LEVEL = "-Owholemodule";
				VALIDATE_PRODUCT = YES;
			};
			name = Release;
		};
		DC1B4FC0205AC80100C2D386 /* Debug */ = {
			isa = XCBuildConfiguration;
			buildSettings = {
				ASSETCATALOG_COMPILER_APPICON_NAME = AppIcon;
				CODE_SIGN_STYLE = Automatic;
				INFOPLIST_FILE = GooglePlaceAPI/Info.plist;
				LD_RUNPATH_SEARCH_PATHS = "$(inherited) @executable_path/Frameworks";
				PRODUCT_BUNDLE_IDENTIFIER = com.iostutorialjunction.GooglePlaceAPI;
				PRODUCT_NAME = "$(TARGET_NAME)";
				SWIFT_VERSION = 4.0;
				TARGETED_DEVICE_FAMILY = "1,2";
			};
			name = Debug;
		};
		DC1B4FC1205AC80100C2D386 /* Release */ = {
			isa = XCBuildConfiguration;
			buildSettings = {
				ASSETCATALOG_COMPILER_APPICON_NAME = AppIcon;
				CODE_SIGN_STYLE = Automatic;
				INFOPLIST_FILE = GooglePlaceAPI/Info.plist;
				LD_RUNPATH_SEARCH_PATHS = "$(inherited) @executable_path/Frameworks";
				PRODUCT_BUNDLE_IDENTIFIER = com.iostutorialjunction.GooglePlaceAPI;
				PRODUCT_NAME = "$(TARGET_NAME)";
				SWIFT_VERSION = 4.0;
				TARGETED_DEVICE_FAMILY = "1,2";
			};
			name = Release;
		};
/* End XCBuildConfiguration section */

/* Begin XCConfigurationList section */
		DC1B4FA8205AC80100C2D386 /* Build configuration list for PBXProject "GooglePlaceAPI" */ = {
			isa = XCConfigurationList;
			buildConfigurations = (
				DC1B4FBD205AC80100C2D386 /* Debug */,
				DC1B4FBE205AC80100C2D386 /* Release */,
			);
			defaultConfigurationIsVisible = 0;
			defaultConfigurationName = Release;
		};
		DC1B4FBF205AC80100C2D386 /* Build configuration list for PBXNativeTarget "GooglePlaceAPI" */ = {
			isa = XCConfigurationList;
			buildConfigurations = (
				DC1B4FC0205AC80100C2D386 /* Debug */,
				DC1B4FC1205AC80100C2D386 /* Release */,
			);
			defaultConfigurationIsVisible = 0;
			defaultConfigurationName = Release;
		};
/* End XCConfigurationList section */
	};
	rootObject = DC1B4FA5205AC80100C2D386 /* Project object */;
}
